Microsoft Visual Studio Solution File, Format Version 12.00
# Visual Studio Version 17
VisualStudioVersion = 17.5.2.0
MinimumVisualStudioVersion = 10.0.40219.1
Project("{2150E333-8FDC-42A3-9474-1A3956D46DE8}") = "pulumi", "pulumi", "{A1556463-E531-9D9C-5362-6A10DFF36E7A}"
EndProject
Project("{FAE04EC0-301F-11D3-BF4B-00C04F79EFBC}") = "quickstart", "pulumi\quickstart\quickstart.csproj", "{34A3BC75-12C9-6969-215D-49FAB489BE6E}"
EndProject
Global
	GlobalSection(SolutionConfigurationPlatforms) = preSolution
		Debug|Any CPU = Debug|Any CPU
		Release|Any CPU = Release|Any CPU
	EndGlobalSection
	GlobalSection(ProjectConfigurationPlatforms) = postSolution
		{34A3BC75-12C9-6969-215D-49FAB489BE6E}.Debug|Any CPU.ActiveCfg = Debug|Any CPU
		{34A3BC75-12C9-6969-215D-49FAB489BE6E}.Debug|Any CPU.Build.0 = Debug|Any CPU
		{34A3BC75-12C9-6969-215D-49FAB489BE6E}.Release|Any CPU.ActiveCfg = Release|Any CPU
		{34A3BC75-12C9-6969-215D-49FAB489BE6E}.Release|Any CPU.Build.0 = Release|Any CPU
	EndGlobalSection
	GlobalSection(SolutionProperties) = preSolution
		HideSolutionNode = FALSE
	EndGlobalSection
	GlobalSection(NestedProjects) = preSolution
		{34A3BC75-12C9-6969-215D-49FAB489BE6E} = {A1556463-E531-9D9C-5362-6A10DFF36E7A}
	EndGlobalSection
	GlobalSection(ExtensibilityGlobals) = postSolution
		SolutionGuid = {A424E9FB-FEE6-4F18-8033-C64B6907064F}
	EndGlobalSection
EndGlobal
